
Microsoft Visual Studio Solution File, Format Version 12.00
# Visual Studio Version 16
VisualStudioVersion = 16.0.30611.23
MinimumVisualStudioVersion = 10.0.40219.1
Project("{FAE04EC0-301F-11D3-BF4B-00C04F79EFBC}") = "dotNet5781_9209_6071", "dotNet5781_9209_6071.csproj", "{52EB564A-D2F9-4D83-B6D7-FB581B962054}"
EndProject
Global
	GlobalSection(SolutionConfigurationPlatforms) = preSolution
		Debug|Any CPU = Debug|Any CPU
		Release|Any CPU = Release|Any CPU
	EndGlobalSection
	GlobalSection(ProjectConfigurationPlatforms) = postSolution
		{52EB564A-D2F9-4D83-B6D7-FB581B962054}.Debug|Any CPU.ActiveCfg = Debug|Any CPU
		{52EB564A-D2F9-4D83-B6D7-FB581B962054}.Debug|Any CPU.Build.0 = Debug|Any CPU
		{52EB564A-D2F9-4D83-B6D7-FB581B962054}.Release|Any CPU.ActiveCfg = Release|Any CPU
		{52EB564A-D2F9-4D83-B6D7-FB581B962054}.Release|Any CPU.Build.0 = Release|Any CPU
	EndGlobalSection
	GlobalSection(SolutionProperties) = preSolution
		HideSolutionNode = FALSE
	EndGlobalSection
	GlobalSection(ExtensibilityGlobals) = postSolution
		SolutionGuid = {B69CE0DA-9F06-4470-9442-033842804AE9}
	EndGlobalSection
EndGlobal
