
Microsoft Visual Studio Solution File, Format Version 12.00
# Visual Studio Version 16
VisualStudioVersion = 16.0.30611.23
MinimumVisualStudioVersion = 10.0.40219.1
Project("{FAE04EC0-301F-11D3-BF4B-00C04F79EFBC}") = "dotnet5781_9209_6071", "dotnet5781_9209_6071\dotnet5781_9209_6071.csproj", "{A71D4340-56A9-4784-B7C2-FF6E6DC8F09A}"
EndProject
Global
	GlobalSection(SolutionConfigurationPlatforms) = preSolution
		Debug|Any CPU = Debug|Any CPU
		Release|Any CPU = Release|Any CPU
	EndGlobalSection
	GlobalSection(ProjectConfigurationPlatforms) = postSolution
		{A71D4340-56A9-4784-B7C2-FF6E6DC8F09A}.Debug|Any CPU.ActiveCfg = Debug|Any CPU
		{A71D4340-56A9-4784-B7C2-FF6E6DC8F09A}.Debug|Any CPU.Build.0 = Debug|Any CPU
		{A71D4340-56A9-4784-B7C2-FF6E6DC8F09A}.Release|Any CPU.ActiveCfg = Release|Any CPU
		{A71D4340-56A9-4784-B7C2-FF6E6DC8F09A}.Release|Any CPU.Build.0 = Release|Any CPU
	EndGlobalSection
	GlobalSection(SolutionProperties) = preSolution
		HideSolutionNode = FALSE
	EndGlobalSection
	GlobalSection(ExtensibilityGlobals) = postSolution
		SolutionGuid = {B2D489BE-4F67-4EEF-96AB-444C44D83C66}
	EndGlobalSection
EndGlobal
